
Microsoft Visual Studio Solution File, Format Version 12.00
# Visual Studio 15
VisualStudioVersion = 15.0.28307.271
MinimumVisualStudioVersion = 10.0.40219.1
Project("{FAE04EC0-301F-11D3-BF4B-00C04F79EFBC}") = "angelfire_surf", "angelfire_surf\angelfire_surf.csproj", "{0FB38161-F33F-4659-B0A7-6F39FD3D2AB2}"
EndProject
Global
	GlobalSection(SolutionConfigurationPlatforms) = preSolution
		Debug|Any CPU = Debug|Any CPU
		Release|Any CPU = Release|Any CPU
	EndGlobalSection
	GlobalSection(ProjectConfigurationPlatforms) = postSolution
		{0FB38161-F33F-4659-B0A7-6F39FD3D2AB2}.Debug|Any CPU.ActiveCfg = Debug|Any CPU
		{0FB38161-F33F-4659-B0A7-6F39FD3D2AB2}.Debug|Any CPU.Build.0 = Debug|Any CPU
		{0FB38161-F33F-4659-B0A7-6F39FD3D2AB2}.Release|Any CPU.ActiveCfg = Release|Any CPU
		{0FB38161-F33F-4659-B0A7-6F39FD3D2AB2}.Release|Any CPU.Build.0 = Release|Any CPU
	EndGlobalSection
	GlobalSection(SolutionProperties) = preSolution
		HideSolutionNode = FALSE
	EndGlobalSection
	GlobalSection(ExtensibilityGlobals) = postSolution
		SolutionGuid = {47197C53-382C-4619-B4FC-9A27CA55EA70}
	EndGlobalSection
EndGlobal
